
Microsoft Visual Studio Solution File, Format Version 12.00
# Visual Studio Version 17
VisualStudioVersion = 17.9.34622.214
MinimumVisualStudioVersion = 10.0.40219.1
Project("{FAE04EC0-301F-11D3-BF4B-00C04F79EFBC}") = "GUI", "GUI\GUI.csproj", "{3294DFF8-653E-42F3-B868-FC6A445DFBA7}"
EndProject
Global
	GlobalSection(SolutionConfigurationPlatforms) = preSolution
		Debug|Any CPU = Debug|Any CPU
		Release|Any CPU = Release|Any CPU
	EndGlobalSection
	GlobalSection(ProjectConfigurationPlatforms) = postSolution
		{3294DFF8-653E-42F3-B868-FC6A445DFBA7}.Debug|Any CPU.ActiveCfg = Debug|Any CPU
		{3294DFF8-653E-42F3-B868-FC6A445DFBA7}.Debug|Any CPU.Build.0 = Debug|Any CPU
		{3294DFF8-653E-42F3-B868-FC6A445DFBA7}.Release|Any CPU.ActiveCfg = Release|Any CPU
		{3294DFF8-653E-42F3-B868-FC6A445DFBA7}.Release|Any CPU.Build.0 = Release|Any CPU
	EndGlobalSection
	GlobalSection(SolutionProperties) = preSolution
		HideSolutionNode = FALSE
	EndGlobalSection
	GlobalSection(ExtensibilityGlobals) = postSolution
		SolutionGuid = {57409D6D-A455-4A06-A5E7-07CE65A60ADB}
	EndGlobalSection
EndGlobal
